
Microsoft Visual Studio Solution File, Format Version 12.00
# Visual Studio Version 17
VisualStudioVersion = 17.1.32210.238
MinimumVisualStudioVersion = 10.0.40219.1
Project("{9A19103F-16F7-4668-BE54-9A1E7A4F7556}") = "SRX.ViTool", "SRX.ViTool\SRX.ViTool.csproj", "{E43D22FB-D20F-4F01-9EF3-645EE36AC7A0}"
EndProject
Project("{9A19103F-16F7-4668-BE54-9A1E7A4F7556}") = "SRX.ViTool.UnitTests", "SRX.ViTool.UnitTests\SRX.ViTool.UnitTests.csproj", "{2000CB29-2D09-422D-A968-6A5C4B6DCA59}"
EndProject
Project("{54435603-DBB4-11D2-8724-00A0C9A8B90C}") = "SRX.ViTool.Setup", "SRX.ViTool.Setup\SRX.ViTool.Setup.vdproj", "{E28F5659-F5F5-4623-9237-AF4DA208F158}"
EndProject
Global
	GlobalSection(SolutionConfigurationPlatforms) = preSolution
		Debug|Any CPU = Debug|Any CPU
		Release|Any CPU = Release|Any CPU
	EndGlobalSection
	GlobalSection(ProjectConfigurationPlatforms) = postSolution
		{E43D22FB-D20F-4F01-9EF3-645EE36AC7A0}.Debug|Any CPU.ActiveCfg = Debug|Any CPU
		{E43D22FB-D20F-4F01-9EF3-645EE36AC7A0}.Debug|Any CPU.Build.0 = Debug|Any CPU
		{E43D22FB-D20F-4F01-9EF3-645EE36AC7A0}.Release|Any CPU.ActiveCfg = Release|Any CPU
		{E43D22FB-D20F-4F01-9EF3-645EE36AC7A0}.Release|Any CPU.Build.0 = Release|Any CPU
		{2000CB29-2D09-422D-A968-6A5C4B6DCA59}.Debug|Any CPU.ActiveCfg = Debug|Any CPU
		{2000CB29-2D09-422D-A968-6A5C4B6DCA59}.Debug|Any CPU.Build.0 = Debug|Any CPU
		{2000CB29-2D09-422D-A968-6A5C4B6DCA59}.Release|Any CPU.ActiveCfg = Release|Any CPU
		{2000CB29-2D09-422D-A968-6A5C4B6DCA59}.Release|Any CPU.Build.0 = Release|Any CPU
		{E28F5659-F5F5-4623-9237-AF4DA208F158}.Debug|Any CPU.ActiveCfg = Debug
		{E28F5659-F5F5-4623-9237-AF4DA208F158}.Release|Any CPU.ActiveCfg = Release
	EndGlobalSection
	GlobalSection(SolutionProperties) = preSolution
		HideSolutionNode = FALSE
	EndGlobalSection
	GlobalSection(ExtensibilityGlobals) = postSolution
		SolutionGuid = {BFAB6369-6202-4DFB-A271-57605A0D0306}
	EndGlobalSection
EndGlobal
